
Microsoft Visual Studio Solution File, Format Version 12.00
# Visual Studio Version 17
VisualStudioVersion = 17.10.35122.118
MinimumVisualStudioVersion = 10.0.40219.1
Project("{9A19103F-16F7-4668-BE54-9A1E7A4F7556}") = "PruebaTecnica", "PruebaTecnica\PruebaTecnica.csproj", "{902A04F6-E3DA-429D-8328-8D67CF9906D0}"
EndProject
Project("{FAE04EC0-301F-11D3-BF4B-00C04F79EFBC}") = "TestProject", "TestProject\TestProject.csproj", "{221EFAA9-DE3B-4177-A029-45A7D8A6F6BC}"
EndProject
Global
	GlobalSection(SolutionConfigurationPlatforms) = preSolution
		Debug|Any CPU = Debug|Any CPU
		Release|Any CPU = Release|Any CPU
	EndGlobalSection
	GlobalSection(ProjectConfigurationPlatforms) = postSolution
		{902A04F6-E3DA-429D-8328-8D67CF9906D0}.Debug|Any CPU.ActiveCfg = Debug|Any CPU
		{902A04F6-E3DA-429D-8328-8D67CF9906D0}.Debug|Any CPU.Build.0 = Debug|Any CPU
		{902A04F6-E3DA-429D-8328-8D67CF9906D0}.Release|Any CPU.ActiveCfg = Release|Any CPU
		{902A04F6-E3DA-429D-8328-8D67CF9906D0}.Release|Any CPU.Build.0 = Release|Any CPU
		{221EFAA9-DE3B-4177-A029-45A7D8A6F6BC}.Debug|Any CPU.ActiveCfg = Debug|Any CPU
		{221EFAA9-DE3B-4177-A029-45A7D8A6F6BC}.Debug|Any CPU.Build.0 = Debug|Any CPU
		{221EFAA9-DE3B-4177-A029-45A7D8A6F6BC}.Release|Any CPU.ActiveCfg = Release|Any CPU
		{221EFAA9-DE3B-4177-A029-45A7D8A6F6BC}.Release|Any CPU.Build.0 = Release|Any CPU
	EndGlobalSection
	GlobalSection(SolutionProperties) = preSolution
		HideSolutionNode = FALSE
	EndGlobalSection
	GlobalSection(ExtensibilityGlobals) = postSolution
		SolutionGuid = {627B748E-52B4-4A00-A72B-6FDB30362AC6}
	EndGlobalSection
EndGlobal
